// !$*UTF8*$!
{
	archiveVersion = 1;
	classes = {
	};
	objectVersion = 77;
	objects = {

/* Begin PBXBuildFile section */
		A46472582FE56BFB00CC035B /* HomeView.swift in Sources */ = {isa = PBXBuildFile; fileRef = A46472572FE56BF300CC035B /* HomeView.swift */; };
		A464725A2FE56CAA00CC035B /* CustimTimerView.swift in Sources */ = {isa = PBXBuildFile; fileRef = A46472592FE56C9D00CC035B /* CustimTimerView.swift */; };
		A464725C2FE56CCB00CC035B /* TimerView.swift in Sources */ = {isa = PBXBuildFile; fileRef = A464725B2FE56CC200CC035B /* TimerView.swift */; };
		A464725E2FE56CEC00CC035B /* TimerViewModel.swift in Sources */ = {isa = PBXBuildFile; fileRef = A464725D2FE56CE300CC035B /* TimerViewModel.swift */; };
		A46472622FE56D7E00CC035B /* PresentTimerView.swift in Sources */ = {isa = PBXBuildFile; fileRef = A46472612FE56D7300CC035B /* PresentTimerView.swift */; };
		A46472642FE56DB700CC035B /* ProgressRing.swift in Sources */ = {isa = PBXBuildFile; fileRef = A46472632FE56DA700CC035B /* ProgressRing.swift */; };
		A46472662FE56DD400CC035B /* NotificationManager.swift in Sources */ = {isa = PBXBuildFile; fileRef = A46472652FE56DCB00CC035B /* NotificationManager.swift */; };
/* End PBXBuildFile section */

/* Begin PBXContainerItemProxy section */
		A46472452FE56B7700CC035B /* PBXContainerItemProxy */ = {
			isa = PBXContainerItemProxy;
			containerPortal = A46472372FE56B7600CC035B /* Project object */;
			proxyType = 1;
			remoteGlobalIDString = A46472422FE56B7700CC035B;
			remoteInfo = "IOSApp3 Watch App";
		};
/* End PBXContainerItemProxy section */

/* Begin PBXCopyFilesBuildPhase section */
		A46472532FE56B7700CC035B /* Embed Watch Content */ = {
			isa = PBXCopyFilesBuildPhase;
			buildActionMask = 2147483647;
			dstPath = "$(CONTENTS_FOLDER_PATH)/Watch";
			dstSubfolderSpec = 16;
			files = (
			);
			name = "Embed Watch Content";
			runOnlyForDeploymentPostprocessing = 0;
		};
/* End PBXCopyFilesBuildPhase section */

/* Begin PBXFileReference section */
		A464723D2FE56B7700CC035B /* IOSApp3.app */ = {isa = PBXFileReference; explicitFileType = wrapper.application; includeInIndex = 0; name = IOSApp3.app; path = "/Users/fozia/Desktop/IOs 2026/IOSApp3/build/Debug-iphoneos/IOSApp3.app"; sourceTree = "<absolute>"; };
		A46472432FE56B7700CC035B /* IOSApp3 Watch App.app */ = {isa = PBXFileReference; explicitFileType = wrapper.application; includeInIndex = 0; name = "IOSApp3 Watch App.app"; path = "/Users/fozia/Desktop/IOs 2026/IOSApp3/build/Debug-watchos/IOSApp3 Watch App.app"; sourceTree = "<absolute>"; };
		A46472572FE56BF300CC035B /* HomeView.swift */ = {isa = PBXFileReference; lastKnownFileType = sourcecode.swift; path = HomeView.swift; sourceTree = "<group>"; };
		A46472592FE56C9D00CC035B /* CustimTimerView.swift */ = {isa = PBXFileReference; lastKnownFileType = sourcecode.swift; path = CustimTimerView.swift; sourceTree = "<group>"; };
		A464725B2FE56CC200CC035B /* TimerView.swift */ = {isa = PBXFileReference; lastKnownFileType = sourcecode.swift; path = TimerView.swift; sourceTree = "<group>"; };
		A464725D2FE56CE300CC035B /* TimerViewModel.swift */ = {isa = PBXFileReference; lastKnownFileType = sourcecode.swift; path = TimerViewModel.swift; sourceTree = "<group>"; };
		A46472612FE56D7300CC035B /* PresentTimerView.swift */ = {isa = PBXFileReference; lastKnownFileType = sourcecode.swift; path = PresentTimerView.swift; sourceTree = "<group>"; };
		A46472632FE56DA700CC035B /* ProgressRing.swift */ = {isa = PBXFileReference; lastKnownFileType = sourcecode.swift; path = ProgressRing.swift; sourceTree = "<group>"; };
		A46472652FE56DCB00CC035B /* NotificationManager.swift */ = {isa = PBXFileReference; lastKnownFileType = sourcecode.swift; path = NotificationManager.swift; sourceTree = "<group>"; };
/* End PBXFileReference section */

/* Begin PBXFileSystemSynchronizedRootGroup section */
		A46472472FE56B7700CC035B /* IOSApp3 Watch App */ = {
			isa = PBXFileSystemSynchronizedRootGroup;
			path = "IOSApp3 Watch App";
			sourceTree = "<group>";
		};
/* End PBXFileSystemSynchronizedRootGroup section */

/* Begin PBXFrameworksBuildPhase section */
		A46472402FE56B7700CC035B /* Frameworks */ = {
			isa = PBXFrameworksBuildPhase;
			buildActionMask = 2147483647;
			files = (
			);
			runOnlyForDeploymentPostprocessing = 0;
		};
/* End PBXFrameworksBuildPhase section */

/* Begin PBXGroup section */
		A46472362FE56B7600CC035B = {
			isa = PBXGroup;
			children = (
				A46472472FE56B7700CC035B /* IOSApp3 Watch App */,
				A464726A2FE573F800CC035B /* Managers */,
				A46472692FE573E200CC035B /* ViewModels */,
				A46472672FE5731500CC035B /* Views */,
			);
			sourceTree = "<group>";
		};
		A46472672FE5731500CC035B /* Views */ = {
			isa = PBXGroup;
			children = (
				A46472632FE56DA700CC035B /* ProgressRing.swift */,
				A464725B2FE56CC200CC035B /* TimerView.swift */,
				A46472572FE56BF300CC035B /* HomeView.swift */,
				A46472612FE56D7300CC035B /* PresentTimerView.swift */,
				A46472592FE56C9D00CC035B /* CustimTimerView.swift */,
			);
			path = Views;
			sourceTree = "<group>";
		};
		A46472692FE573E200CC035B /* ViewModels */ = {
			isa = PBXGroup;
			children = (
				A464725D2FE56CE300CC035B /* TimerViewModel.swift */,
			);
			path = ViewModels;
			sourceTree = "<group>";
		};
		A464726A2FE573F800CC035B /* Managers */ = {
			isa = PBXGroup;
			children = (
				A46472652FE56DCB00CC035B /* NotificationManager.swift */,
			);
			path = Managers;
			sourceTree = "<group>";
		};
/* End PBXGroup section */

/* Begin PBXNativeTarget section */
		A464723C2FE56B7700CC035B /* IOSApp3 */ = {
			isa = PBXNativeTarget;
			buildConfigurationList = A46472542FE56B7700CC035B /* Build configuration list for PBXNativeTarget "IOSApp3" */;
			buildPhases = (
				A464723B2FE56B7700CC035B /* Resources */,
				A46472532FE56B7700CC035B /* Embed Watch Content */,
			);
			buildRules = (
			);
			dependencies = (
				A46472462FE56B7700CC035B /* PBXTargetDependency */,
			);
			name = IOSApp3;
			packageProductDependencies = (
			);
			productName = IOSApp3;
			productReference = A464723D2FE56B7700CC035B /* IOSApp3.app */;
			productType = "com.apple.product-type.application.watchapp2-container";
		};
		A46472422FE56B7700CC035B /* IOSApp3 Watch App */ = {
			isa = PBXNativeTarget;
			buildConfigurationList = A46472502FE56B7700CC035B /* Build configuration list for PBXNativeTarget "IOSApp3 Watch App" */;
			buildPhases = (
				A464723F2FE56B7700CC035B /* Sources */,
				A46472402FE56B7700CC035B /* Frameworks */,
				A46472412FE56B7700CC035B /* Resources */,
			);
			buildRules = (
			);
			dependencies = (
			);
			fileSystemSynchronizedGroups = (
				A46472472FE56B7700CC035B /* IOSApp3 Watch App */,
			);
			name = "IOSApp3 Watch App";
			packageProductDependencies = (
			);
			productName = "IOSApp3 Watch App";
			productReference = A46472432FE56B7700CC035B /* IOSApp3 Watch App.app */;
			productType = "com.apple.product-type.application";
		};
/* End PBXNativeTarget section */

/* Begin PBXProject section */
		A46472372FE56B7600CC035B /* Project object */ = {
			isa = PBXProject;
			attributes = {
				BuildIndependentTargetsInParallel = 1;
				LastSwiftUpdateCheck = 2650;
				LastUpgradeCheck = 2650;
				TargetAttributes = {
					A464723C2FE56B7700CC035B = {
						CreatedOnToolsVersion = 26.5;
					};
					A46472422FE56B7700CC035B = {
						CreatedOnToolsVersion = 26.5;
					};
				};
			};
			buildConfigurationList = A464723A2FE56B7600CC035B /* Build configuration list for PBXProject "IOSApp3" */;
			developmentRegion = en;
			hasScannedForEncodings = 0;
			knownRegions = (
				en,
				Base,
			);
			mainGroup = A46472362FE56B7600CC035B;
			minimizedProjectReferenceProxies = 1;
			preferredProjectObjectVersion = 77;
			productRefGroup = A46472362FE56B7600CC035B;
			projectDirPath = "";
			projectRoot = "";
			targets = (
				A464723C2FE56B7700CC035B /* IOSApp3 */,
				A46472422FE56B7700CC035B /* IOSApp3 Watch App */,
			);
		};
/* End PBXProject section */

/* Begin PBXResourcesBuildPhase section */
		A464723B2FE56B7700CC035B /* Resources */ = {
			isa = PBXResourcesBuildPhase;
			buildActionMask = 2147483647;
			files = (
			);
			runOnlyForDeploymentPostprocessing = 0;
		};
		A46472412FE56B7700CC035B /* Resources */ = {
			isa = PBXResourcesBuildPhase;
			buildActionMask = 2147483647;
			files = (
			);
			runOnlyForDeploymentPostprocessing = 0;
		};
/* End PBXResourcesBuildPhase section */

/* Begin PBXSourcesBuildPhase section */
		A464723F2FE56B7700CC035B /* Sources */ = {
			isa = PBXSourcesBuildPhase;
			buildActionMask = 2147483647;
			files = (
				A464725E2FE56CEC00CC035B /* TimerViewModel.swift in Sources */,
				A46472622FE56D7E00CC035B /* PresentTimerView.swift in Sources */,
				A46472642FE56DB700CC035B /* ProgressRing.swift in Sources */,
				A46472662FE56DD400CC035B /* NotificationManager.swift in Sources */,
				A464725A2FE56CAA00CC035B /* CustimTimerView.swift in Sources */,
				A46472582FE56BFB00CC035B /* HomeView.swift in Sources */,
				A464725C2FE56CCB00CC035B /* TimerView.swift in Sources */,
			);
			runOnlyForDeploymentPostprocessing = 0;
		};
/* End PBXSourcesBuildPhase section */

/* Begin PBXTargetDependency section */
		A46472462FE56B7700CC035B /* PBXTargetDependency */ = {
			isa = PBXTargetDependency;
			target = A46472422FE56B7700CC035B /* IOSApp3 Watch App */;
			targetProxy = A46472452FE56B7700CC035B /* PBXContainerItemProxy */;
		};
/* End PBXTargetDependency section */

/* Begin XCBuildConfiguration section */
		A464724E2FE56B7700CC035B /* Debug */ = {
			isa = XCBuildConfiguration;
			buildSettings = {
				ALWAYS_SEARCH_USER_PATHS = NO;
				ASSETCATALOG_COMPILER_GENERATE_SWIFT_ASSET_SYMBOL_EXTENSIONS = YES;
				CLANG_ANALYZER_NONNULL = YES;
				CLANG_ANALYZER_NUMBER_OBJECT_CONVERSION = YES_AGGRESSIVE;
				CLANG_CXX_LANGUAGE_STANDARD = "gnu++20";
				CLANG_ENABLE_MODULES = YES;
				CLANG_ENABLE_OBJC_ARC = YES;
				CLANG_ENABLE_OBJC_WEAK = YES;
				CLANG_WARN_BLOCK_CAPTURE_AUTORELEASING = YES;
				CLANG_WARN_BOOL_CONVERSION = YES;
				CLANG_WARN_COMMA = YES;
				CLANG_WARN_CONSTANT_CONVERSION = YES;
				CLANG_WARN_DEPRECATED_OBJC_IMPLEMENTATIONS = YES;
				CLANG_WARN_DIRECT_OBJC_ISA_USAGE = YES_ERROR;
				CLANG_WARN_DOCUMENTATION_COMMENTS = YES;
				CLANG_WARN_EMPTY_BODY = YES;
				CLANG_WARN_ENUM_CONVERSION = YES;
				CLANG_WARN_INFINITE_RECURSION = YES;
				CLANG_WARN_INT_CONVERSION = YES;
				CLANG_WARN_NON_LITERAL_NULL_CONVERSION = YES;
				CLANG_WARN_OBJC_IMPLICIT_RETAIN_SELF = YES;
				CLANG_WARN_OBJC_LITERAL_CONVERSION = YES;
				CLANG_WARN_OBJC_ROOT_CLASS = YES_ERROR;
				CLANG_WARN_QUOTED_INCLUDE_IN_FRAMEWORK_HEADER = YES;
				CLANG_WARN_RANGE_LOOP_ANALYSIS = YES;
				CLANG_WARN_STRICT_PROTOTYPES = YES;
				CLANG_WARN_SUSPICIOUS_MOVE = YES;
				CLANG_WARN_UNGUARDED_AVAILABILITY = YES_AGGRESSIVE;
				CLANG_WARN_UNREACHABLE_CODE = YES;
				CLANG_WARN__DUPLICATE_METHOD_MATCH = YES;
				COPY_PHASE_STRIP = NO;
				DEBUG_INFORMATION_FORMAT = dwarf;
				ENABLE_STRICT_OBJC_MSGSEND = YES;
				ENABLE_TESTABILITY = YES;
				ENABLE_USER_SCRIPT_SANDBOXING = YES;
				GCC_C_LANGUAGE_STANDARD = gnu17;
				GCC_DYNAMIC_NO_PIC = NO;
				GCC_NO_COMMON_BLOCKS = YES;
				GCC_OPTIMIZATION_LEVEL = 0;
				GCC_PREPROCESSOR_DEFINITIONS = (
					"DEBUG=1",
					"$(inherited)",
				);
				GCC_WARN_64_TO_32_BIT_CONVERSION = YES;
				GCC_WARN_ABOUT_RETURN_TYPE = YES_ERROR;
				GCC_WARN_UNDECLARED_SELECTOR = YES;
				GCC_WARN_UNINITIALIZED_AUTOS = YES_AGGRESSIVE;
				GCC_WARN_UNUSED_FUNCTION = YES;
				GCC_WARN_UNUSED_VARIABLE = YES;
				LOCALIZATION_PREFERS_STRING_CATALOGS = YES;
				MTL_ENABLE_DEBUG_INFO = INCLUDE_SOURCE;
				MTL_FAST_MATH = YES;
				ONLY_ACTIVE_ARCH = YES;
				SWIFT_ACTIVE_COMPILATION_CONDITIONS = "DEBUG $(inherited)";
				SWIFT_OPTIMIZATION_LEVEL = "-Onone";
			};
			name = Debug;
		};
		A464724F2FE56B7700CC035B /* Release */ = {
			isa = XCBuildConfiguration;
			buildSettings = {
				ALWAYS_SEARCH_USER_PATHS = NO;
				ASSETCATALOG_COMPILER_GENERATE_SWIFT_ASSET_SYMBOL_EXTENSIONS = YES;
				CLANG_ANALYZER_NONNULL = YES;
				CLANG_ANALYZER_NUMBER_OBJECT_CONVERSION = YES_AGGRESSIVE;
				CLANG_CXX_LANGUAGE_STANDARD = "gnu++20";
				CLANG_ENABLE_MODULES = YES;
				CLANG_ENABLE_OBJC_ARC = YES;
				CLANG_ENABLE_OBJC_WEAK = YES;
				CLANG_WARN_BLOCK_CAPTURE_AUTORELEASING = YES;
				CLANG_WARN_BOOL_CONVERSION = YES;
				CLANG_WARN_COMMA = YES;
				CLANG_WARN_CONSTANT_CONVERSION = YES;
				CLANG_WARN_DEPRECATED_OBJC_IMPLEMENTATIONS = YES;
				CLANG_WARN_DIRECT_OBJC_ISA_USAGE = YES_ERROR;
				CLANG_WARN_DOCUMENTATION_COMMENTS = YES;
				CLANG_WARN_EMPTY_BODY = YES;
				CLANG_WARN_ENUM_CONVERSION = YES;
				CLANG_WARN_INFINITE_RECURSION = YES;
				CLANG_WARN_INT_CONVERSION = YES;
				CLANG_WARN_NON_LITERAL_NULL_CONVERSION = YES;
				CLANG_WARN_OBJC_IMPLICIT_RETAIN_SELF = YES;
				CLANG_WARN_OBJC_LITERAL_CONVERSION = YES;
				CLANG_WARN_OBJC_ROOT_CLASS = YES_ERROR;
				CLANG_WARN_QUOTED_INCLUDE_IN_FRAMEWORK_HEADER = YES;
				CLANG_WARN_RANGE_LOOP_ANALYSIS = YES;
				CLANG_WARN_STRICT_PROTOTYPES = YES;
				CLANG_WARN_SUSPICIOUS_MOVE = YES;
				CLANG_WARN_UNGUARDED_AVAILABILITY = YES_AGGRESSIVE;
				CLANG_WARN_UNREACHABLE_CODE = YES;
				CLANG_WARN__DUPLICATE_METHOD_MATCH = YES;
				COPY_PHASE_STRIP = NO;
				DEBUG_INFORMATION_FORMAT = "dwarf-with-dsym";
				ENABLE_NS_ASSERTIONS = NO;
				ENABLE_STRICT_OBJC_MSGSEND = YES;
				ENABLE_USER_SCRIPT_SANDBOXING = YES;
				GCC_C_LANGUAGE_STANDARD = gnu17;
				GCC_NO_COMMON_BLOCKS = YES;
				GCC_WARN_64_TO_32_BIT_CONVERSION = YES;
				GCC_WARN_ABOUT_RETURN_TYPE = YES_ERROR;
				GCC_WARN_UNDECLARED_SELECTOR = YES;
				GCC_WARN_UNINITIALIZED_AUTOS = YES_AGGRESSIVE;
				GCC_WARN_UNUSED_FUNCTION = YES;
				GCC_WARN_UNUSED_VARIABLE = YES;
				LOCALIZATION_PREFERS_STRING_CATALOGS = YES;
				MTL_ENABLE_DEBUG_INFO = NO;
				MTL_FAST_MATH = YES;
				SWIFT_COMPILATION_MODE = wholemodule;
			};
			name = Release;
		};
		A46472512FE56B7700CC035B /* Debug */ = {
			isa = XCBuildConfiguration;
			buildSettings = {
				ASSETCATALOG_COMPILER_APPICON_NAME = AppIcon;
				ASSETCATALOG_COMPILER_GLOBAL_ACCENT_COLOR_NAME = AccentColor;
				CODE_SIGN_STYLE = Automatic;
				CURRENT_PROJECT_VERSION = 1;
				ENABLE_PREVIEWS = YES;
				GENERATE_INFOPLIST_FILE = YES;
				INFOPLIST_KEY_CFBundleDisplayName = IOSApp3;
				INFOPLIST_KEY_UISupportedInterfaceOrientations = "UIInterfaceOrientationPortrait UIInterfaceOrientationPortraitUpsideDown";
				INFOPLIST_KEY_WKWatchOnly = YES;
				LD_RUNPATH_SEARCH_PATHS = (
					"$(inherited)",
					"@executable_path/Frameworks",
				);
				MARKETING_VERSION = 1.0;
				PRODUCT_BUNDLE_IDENTIFIER = com.trios2026fak.IOSApp3.watchkitapp;
				PRODUCT_NAME = "$(TARGET_NAME)";
				SDKROOT = watchos;
				SKIP_INSTALL = YES;
				STRING_CATALOG_GENERATE_SYMBOLS = YES;
				SWIFT_APPROACHABLE_CONCURRENCY = YES;
				SWIFT_DEFAULT_ACTOR_ISOLATION = MainActor;
				SWIFT_EMIT_LOC_STRINGS = YES;
				SWIFT_UPCOMING_FEATURE_MEMBER_IMPORT_VISIBILITY = YES;
				SWIFT_VERSION = 5.0;
				TARGETED_DEVICE_FAMILY = 4;
				WATCHOS_DEPLOYMENT_TARGET = 26.5;
			};
			name = Debug;
		};
		A46472522FE56B7700CC035B /* Release */ = {
			isa = XCBuildConfiguration;
			buildSettings = {
				ASSETCATALOG_COMPILER_APPICON_NAME = AppIcon;
				ASSETCATALOG_COMPILER_GLOBAL_ACCENT_COLOR_NAME = AccentColor;
				CODE_SIGN_STYLE = Automatic;
				CURRENT_PROJECT_VERSION = 1;
				ENABLE_PREVIEWS = YES;
				GENERATE_INFOPLIST_FILE = YES;
				INFOPLIST_KEY_CFBundleDisplayName = IOSApp3;
				INFOPLIST_KEY_UISupportedInterfaceOrientations = "UIInterfaceOrientationPortrait UIInterfaceOrientationPortraitUpsideDown";
				INFOPLIST_KEY_WKWatchOnly = YES;
				LD_RUNPATH_SEARCH_PATHS = (
					"$(inherited)",
					"@executable_path/Frameworks",
				);
				MARKETING_VERSION = 1.0;
				PRODUCT_BUNDLE_IDENTIFIER = com.trios2026fak.IOSApp3.watchkitapp;
				PRODUCT_NAME = "$(TARGET_NAME)";
				SDKROOT = watchos;
				SKIP_INSTALL = YES;
				STRING_CATALOG_GENERATE_SYMBOLS = YES;
				SWIFT_APPROACHABLE_CONCURRENCY = YES;
				SWIFT_DEFAULT_ACTOR_ISOLATION = MainActor;
				SWIFT_EMIT_LOC_STRINGS = YES;
				SWIFT_UPCOMING_FEATURE_MEMBER_IMPORT_VISIBILITY = YES;
				SWIFT_VERSION = 5.0;
				TARGETED_DEVICE_FAMILY = 4;
				VALIDATE_PRODUCT = YES;
				WATCHOS_DEPLOYMENT_TARGET = 26.5;
			};
			name = Release;
		};
		A46472552FE56B7700CC035B /* Debug */ = {
			isa = XCBuildConfiguration;
			buildSettings = {
				CODE_SIGN_STYLE = Automatic;
				CURRENT_PROJECT_VERSION = 1;
				INFOPLIST_KEY_CFBundleDisplayName = IOSApp3;
				MARKETING_VERSION = 1.0;
				PRODUCT_BUNDLE_IDENTIFIER = com.trios2026fak.IOSApp3;
				PRODUCT_NAME = "$(TARGET_NAME)";
				SDKROOT = iphoneos;
				SWIFT_APPROACHABLE_CONCURRENCY = YES;
				SWIFT_UPCOMING_FEATURE_MEMBER_IMPORT_VISIBILITY = YES;
				SWIFT_VERSION = 5.0;
			};
			name = Debug;
		};
		A46472562FE56B7700CC035B /* Release */ = {
			isa = XCBuildConfiguration;
			buildSettings = {
				CODE_SIGN_STYLE = Automatic;
				CURRENT_PROJECT_VERSION = 1;
				INFOPLIST_KEY_CFBundleDisplayName = IOSApp3;
				MARKETING_VERSION = 1.0;
				PRODUCT_BUNDLE_IDENTIFIER = com.trios2026fak.IOSApp3;
				PRODUCT_NAME = "$(TARGET_NAME)";
				SDKROOT = iphoneos;
				SWIFT_APPROACHABLE_CONCURRENCY = YES;
				SWIFT_UPCOMING_FEATURE_MEMBER_IMPORT_VISIBILITY = YES;
				SWIFT_VERSION = 5.0;
				VALIDATE_PRODUCT = YES;
			};
			name = Release;
		};
/* End XCBuildConfiguration section */

/* Begin XCConfigurationList section */
		A464723A2FE56B7600CC035B /* Build configuration list for PBXProject "IOSApp3" */ = {
			isa = XCConfigurationList;
			buildConfigurations = (
				A464724E2FE56B7700CC035B /* Debug */,
				A464724F2FE56B7700CC035B /* Release */,
			);
			defaultConfigurationIsVisible = 0;
			defaultConfigurationName = Release;
		};
		A46472502FE56B7700CC035B /* Build configuration list for PBXNativeTarget "IOSApp3 Watch App" */ = {
			isa = XCConfigurationList;
			buildConfigurations = (
				A46472512FE56B7700CC035B /* Debug */,
				A46472522FE56B7700CC035B /* Release */,
			);
			defaultConfigurationIsVisible = 0;
			defaultConfigurationName = Release;
		};
		A46472542FE56B7700CC035B /* Build configuration list for PBXNativeTarget "IOSApp3" */ = {
			isa = XCConfigurationList;
			buildConfigurations = (
				A46472552FE56B7700CC035B /* Debug */,
				A46472562FE56B7700CC035B /* Release */,
			);
			defaultConfigurationIsVisible = 0;
			defaultConfigurationName = Release;
		};
/* End XCConfigurationList section */
	};
	rootObject = A46472372FE56B7600CC035B /* Project object */;
}
